
Microsoft Visual Studio Solution File, Format Version 12.00
# Visual Studio 15
VisualStudioVersion = 15.0.28307.489
MinimumVisualStudioVersion = 10.0.40219.1
Project("{FAE04EC0-301F-11D3-BF4B-00C04F79EFBC}") = "Olympic_graph_generator", "Olympic_graph_generator\Olympic_graph_generator.csproj", "{910BC5CE-B42A-472F-AD1F-17F8F5D279BF}"
EndProject
Global
	GlobalSection(SolutionConfigurationPlatforms) = preSolution
		Debug|Any CPU = Debug|Any CPU
		Release|Any CPU = Release|Any CPU
	EndGlobalSection
	GlobalSection(ProjectConfigurationPlatforms) = postSolution
		{910BC5CE-B42A-472F-AD1F-17F8F5D279BF}.Debug|Any CPU.ActiveCfg = Debug|Any CPU
		{910BC5CE-B42A-472F-AD1F-17F8F5D279BF}.Debug|Any CPU.Build.0 = Debug|Any CPU
		{910BC5CE-B42A-472F-AD1F-17F8F5D279BF}.Release|Any CPU.ActiveCfg = Release|Any CPU
		{910BC5CE-B42A-472F-AD1F-17F8F5D279BF}.Release|Any CPU.Build.0 = Release|Any CPU
	EndGlobalSection
	GlobalSection(SolutionProperties) = preSolution
		HideSolutionNode = FALSE
	EndGlobalSection
	GlobalSection(ExtensibilityGlobals) = postSolution
		SolutionGuid = {45CDEC1E-6D72-4792-BECE-EC93F82B014F}
	EndGlobalSection
EndGlobal
